
Microsoft Visual Studio Solution File, Format Version 12.00
# Visual Studio Version 16
VisualStudioVersion = 16.0.31205.134
MinimumVisualStudioVersion = 10.0.40219.1
Project("{FAE04EC0-301F-11D3-BF4B-00C04F79EFBC}") = "WpfModeFirst", "WpfModeFirst\WpfModeFirst.csproj", "{727BE291-4F9F-4EDD-A3AD-9D71EA684C3C}"
EndProject
Project("{FAE04EC0-301F-11D3-BF4B-00C04F79EFBC}") = "Logica", "Logica\Logica.csproj", "{F5E89AC6-28C9-4475-878C-1608A8267D36}"
EndProject
Project("{FAE04EC0-301F-11D3-BF4B-00C04F79EFBC}") = "Datos", "Datos\Datos.csproj", "{9C0EB32C-CEB8-4123-A952-866C69CC2D46}"
EndProject
Project("{FAE04EC0-301F-11D3-BF4B-00C04F79EFBC}") = "Entidades", "Entidades\Entidades.csproj", "{66328B53-0376-421B-B617-1D641EE23014}"
EndProject
Project("{FAE04EC0-301F-11D3-BF4B-00C04F79EFBC}") = "ConsolaTest", "ConsolaTest\ConsolaTest.csproj", "{4905B99F-9F18-4D84-8D3C-77CBDA52DB99}"
EndProject
Global
	GlobalSection(SolutionConfigurationPlatforms) = preSolution
		Debug|Any CPU = Debug|Any CPU
		Release|Any CPU = Release|Any CPU
	EndGlobalSection
	GlobalSection(ProjectConfigurationPlatforms) = postSolution
		{727BE291-4F9F-4EDD-A3AD-9D71EA684C3C}.Debug|Any CPU.ActiveCfg = Debug|Any CPU
		{727BE291-4F9F-4EDD-A3AD-9D71EA684C3C}.Debug|Any CPU.Build.0 = Debug|Any CPU
		{727BE291-4F9F-4EDD-A3AD-9D71EA684C3C}.Release|Any CPU.ActiveCfg = Release|Any CPU
		{727BE291-4F9F-4EDD-A3AD-9D71EA684C3C}.Release|Any CPU.Build.0 = Release|Any CPU
		{F5E89AC6-28C9-4475-878C-1608A8267D36}.Debug|Any CPU.ActiveCfg = Debug|Any CPU
		{F5E89AC6-28C9-4475-878C-1608A8267D36}.Debug|Any CPU.Build.0 = Debug|Any CPU
		{F5E89AC6-28C9-4475-878C-1608A8267D36}.Release|Any CPU.ActiveCfg = Release|Any CPU
		{F5E89AC6-28C9-4475-878C-1608A8267D36}.Release|Any CPU.Build.0 = Release|Any CPU
		{9C0EB32C-CEB8-4123-A952-866C69CC2D46}.Debug|Any CPU.ActiveCfg = Debug|Any CPU
		{9C0EB32C-CEB8-4123-A952-866C69CC2D46}.Debug|Any CPU.Build.0 = Debug|Any CPU
		{9C0EB32C-CEB8-4123-A952-866C69CC2D46}.Release|Any CPU.ActiveCfg = Release|Any CPU
		{9C0EB32C-CEB8-4123-A952-866C69CC2D46}.Release|Any CPU.Build.0 = Release|Any CPU
		{66328B53-0376-421B-B617-1D641EE23014}.Debug|Any CPU.ActiveCfg = Debug|Any CPU
		{66328B53-0376-421B-B617-1D641EE23014}.Debug|Any CPU.Build.0 = Debug|Any CPU
		{66328B53-0376-421B-B617-1D641EE23014}.Release|Any CPU.ActiveCfg = Release|Any CPU
		{66328B53-0376-421B-B617-1D641EE23014}.Release|Any CPU.Build.0 = Release|Any CPU
		{4905B99F-9F18-4D84-8D3C-77CBDA52DB99}.Debug|Any CPU.ActiveCfg = Debug|Any CPU
		{4905B99F-9F18-4D84-8D3C-77CBDA52DB99}.Debug|Any CPU.Build.0 = Debug|Any CPU
		{4905B99F-9F18-4D84-8D3C-77CBDA52DB99}.Release|Any CPU.ActiveCfg = Release|Any CPU
		{4905B99F-9F18-4D84-8D3C-77CBDA52DB99}.Release|Any CPU.Build.0 = Release|Any CPU
	EndGlobalSection
	GlobalSection(SolutionProperties) = preSolution
		HideSolutionNode = FALSE
	EndGlobalSection
	GlobalSection(ExtensibilityGlobals) = postSolution
		SolutionGuid = {93218E33-032C-4705-9FB2-6FB9A31309AD}
	EndGlobalSection
EndGlobal
